
Microsoft Visual Studio Solution File, Format Version 12.00
# Visual Studio Version 17
VisualStudioVersion = 17.13.35931.197
MinimumVisualStudioVersion = 10.0.40219.1
Project("{2150E333-8FDC-42A3-9474-1A3956D46DE8}") = "Microservices", "Microservices", "{02EA681E-C7D8-13C7-8484-4AC65E1B71E8}"
EndProject
Project("{FAE04EC0-301F-11D3-BF4B-00C04F79EFBC}") = "Teacher", "Teacher\Teacher.csproj", "{EF72F1C8-8F75-4890-B5BA-535A258E36EE}"
EndProject
Project("{FAE04EC0-301F-11D3-BF4B-00C04F79EFBC}") = "Exams", "Exams\Exams.csproj", "{7FF478A5-2C82-49BE-BCFE-A735192338E4}"
EndProject
Project("{FAE04EC0-301F-11D3-BF4B-00C04F79EFBC}") = "Auth", "Auth\Auth.csproj", "{143C7122-3A3F-44D9-A576-7491707385D8}"
EndProject
Project("{FAE04EC0-301F-11D3-BF4B-00C04F79EFBC}") = "ApiGateway", "ApiGateway\ApiGateway.csproj", "{C44B4133-FD9E-48D6-BEFD-314D71C16AEB}"
EndProject
Project("{FAE04EC0-301F-11D3-BF4B-00C04F79EFBC}") = "Chhaava_University", "Chhaava_University\Chhaava_University.csproj", "{E557D1E7-9FF7-48A6-A95B-A6956320DC38}"
EndProject
Project("{FAE04EC0-301F-11D3-BF4B-00C04F79EFBC}") = "College", "College\College.csproj", "{7D249394-B38F-4CF3-ABF7-6D89CCA7E059}"
EndProject
Project("{FAE04EC0-301F-11D3-BF4B-00C04F79EFBC}") = "Departments", "Departments\Departments.csproj", "{EE909740-4A4E-44D0-80D4-D5CCCB0B0E1E}"
EndProject
Project("{FAE04EC0-301F-11D3-BF4B-00C04F79EFBC}") = "Result", "Result\Result.csproj", "{139A1CB5-2CDF-4DFE-B2FA-5C77034B6D1B}"
EndProject
Project("{FAE04EC0-301F-11D3-BF4B-00C04F79EFBC}") = "Students", "Students\Students.csproj", "{8C49577A-66AA-48B2-A549-71A8CFE1BE6E}"
EndProject
Project("{FAE04EC0-301F-11D3-BF4B-00C04F79EFBC}") = "Course", "Course\Course.csproj", "{0F61CDF8-12D5-4E55-8857-287D74B34D8A}"
EndProject
Project("{E53339B2-1760-4266-BCC7-CA923CBCF16C}") = "docker-compose", "docker-compose.dcproj", "{81DDED9D-158B-E303-5F62-77A2896D2A5A}"
EndProject
Global
	GlobalSection(SolutionConfigurationPlatforms) = preSolution
		Debug|Any CPU = Debug|Any CPU
		Release|Any CPU = Release|Any CPU
	EndGlobalSection
	GlobalSection(ProjectConfigurationPlatforms) = postSolution
		{EF72F1C8-8F75-4890-B5BA-535A258E36EE}.Debug|Any CPU.ActiveCfg = Debug|Any CPU
		{EF72F1C8-8F75-4890-B5BA-535A258E36EE}.Debug|Any CPU.Build.0 = Debug|Any CPU
		{EF72F1C8-8F75-4890-B5BA-535A258E36EE}.Release|Any CPU.ActiveCfg = Release|Any CPU
		{EF72F1C8-8F75-4890-B5BA-535A258E36EE}.Release|Any CPU.Build.0 = Release|Any CPU
		{7FF478A5-2C82-49BE-BCFE-A735192338E4}.Debug|Any CPU.ActiveCfg = Debug|Any CPU
		{7FF478A5-2C82-49BE-BCFE-A735192338E4}.Debug|Any CPU.Build.0 = Debug|Any CPU
		{7FF478A5-2C82-49BE-BCFE-A735192338E4}.Release|Any CPU.ActiveCfg = Release|Any CPU
		{7FF478A5-2C82-49BE-BCFE-A735192338E4}.Release|Any CPU.Build.0 = Release|Any CPU
		{143C7122-3A3F-44D9-A576-7491707385D8}.Debug|Any CPU.ActiveCfg = Debug|Any CPU
		{143C7122-3A3F-44D9-A576-7491707385D8}.Debug|Any CPU.Build.0 = Debug|Any CPU
		{143C7122-3A3F-44D9-A576-7491707385D8}.Release|Any CPU.ActiveCfg = Release|Any CPU
		{143C7122-3A3F-44D9-A576-7491707385D8}.Release|Any CPU.Build.0 = Release|Any CPU
		{C44B4133-FD9E-48D6-BEFD-314D71C16AEB}.Debug|Any CPU.ActiveCfg = Debug|Any CPU
		{C44B4133-FD9E-48D6-BEFD-314D71C16AEB}.Debug|Any CPU.Build.0 = Debug|Any CPU
		{C44B4133-FD9E-48D6-BEFD-314D71C16AEB}.Release|Any CPU.ActiveCfg = Release|Any CPU
		{C44B4133-FD9E-48D6-BEFD-314D71C16AEB}.Release|Any CPU.Build.0 = Release|Any CPU
		{E557D1E7-9FF7-48A6-A95B-A6956320DC38}.Debug|Any CPU.ActiveCfg = Debug|Any CPU
		{E557D1E7-9FF7-48A6-A95B-A6956320DC38}.Debug|Any CPU.Build.0 = Debug|Any CPU
		{E557D1E7-9FF7-48A6-A95B-A6956320DC38}.Release|Any CPU.ActiveCfg = Release|Any CPU
		{E557D1E7-9FF7-48A6-A95B-A6956320DC38}.Release|Any CPU.Build.0 = Release|Any CPU
		{7D249394-B38F-4CF3-ABF7-6D89CCA7E059}.Debug|Any CPU.ActiveCfg = Debug|Any CPU
		{7D249394-B38F-4CF3-ABF7-6D89CCA7E059}.Debug|Any CPU.Build.0 = Debug|Any CPU
		{7D249394-B38F-4CF3-ABF7-6D89CCA7E059}.Release|Any CPU.ActiveCfg = Release|Any CPU
		{7D249394-B38F-4CF3-ABF7-6D89CCA7E059}.Release|Any CPU.Build.0 = Release|Any CPU
		{EE909740-4A4E-44D0-80D4-D5CCCB0B0E1E}.Debug|Any CPU.ActiveCfg = Debug|Any CPU
		{EE909740-4A4E-44D0-80D4-D5CCCB0B0E1E}.Debug|Any CPU.Build.0 = Debug|Any CPU
		{EE909740-4A4E-44D0-80D4-D5CCCB0B0E1E}.Release|Any CPU.ActiveCfg = Release|Any CPU
		{EE909740-4A4E-44D0-80D4-D5CCCB0B0E1E}.Release|Any CPU.Build.0 = Release|Any CPU
		{139A1CB5-2CDF-4DFE-B2FA-5C77034B6D1B}.Debug|Any CPU.ActiveCfg = Debug|Any CPU
		{139A1CB5-2CDF-4DFE-B2FA-5C77034B6D1B}.Debug|Any CPU.Build.0 = Debug|Any CPU
		{139A1CB5-2CDF-4DFE-B2FA-5C77034B6D1B}.Release|Any CPU.ActiveCfg = Release|Any CPU
		{139A1CB5-2CDF-4DFE-B2FA-5C77034B6D1B}.Release|Any CPU.Build.0 = Release|Any CPU
		{8C49577A-66AA-48B2-A549-71A8CFE1BE6E}.Debug|Any CPU.ActiveCfg = Debug|Any CPU
		{8C49577A-66AA-48B2-A549-71A8CFE1BE6E}.Debug|Any CPU.Build.0 = Debug|Any CPU
		{8C49577A-66AA-48B2-A549-71A8CFE1BE6E}.Release|Any CPU.ActiveCfg = Release|Any CPU
		{8C49577A-66AA-48B2-A549-71A8CFE1BE6E}.Release|Any CPU.Build.0 = Release|Any CPU
		{0F61CDF8-12D5-4E55-8857-287D74B34D8A}.Debug|Any CPU.ActiveCfg = Debug|Any CPU
		{0F61CDF8-12D5-4E55-8857-287D74B34D8A}.Debug|Any CPU.Build.0 = Debug|Any CPU
		{0F61CDF8-12D5-4E55-8857-287D74B34D8A}.Release|Any CPU.ActiveCfg = Release|Any CPU
		{0F61CDF8-12D5-4E55-8857-287D74B34D8A}.Release|Any CPU.Build.0 = Release|Any CPU
		{81DDED9D-158B-E303-5F62-77A2896D2A5A}.Debug|Any CPU.ActiveCfg = Debug|Any CPU
		{81DDED9D-158B-E303-5F62-77A2896D2A5A}.Debug|Any CPU.Build.0 = Debug|Any CPU
		{81DDED9D-158B-E303-5F62-77A2896D2A5A}.Release|Any CPU.ActiveCfg = Release|Any CPU
		{81DDED9D-158B-E303-5F62-77A2896D2A5A}.Release|Any CPU.Build.0 = Release|Any CPU
	EndGlobalSection
	GlobalSection(SolutionProperties) = preSolution
		HideSolutionNode = FALSE
	EndGlobalSection
	GlobalSection(NestedProjects) = preSolution
		{EF72F1C8-8F75-4890-B5BA-535A258E36EE} = {02EA681E-C7D8-13C7-8484-4AC65E1B71E8}
		{7FF478A5-2C82-49BE-BCFE-A735192338E4} = {02EA681E-C7D8-13C7-8484-4AC65E1B71E8}
		{143C7122-3A3F-44D9-A576-7491707385D8} = {02EA681E-C7D8-13C7-8484-4AC65E1B71E8}
		{C44B4133-FD9E-48D6-BEFD-314D71C16AEB} = {02EA681E-C7D8-13C7-8484-4AC65E1B71E8}
		{E557D1E7-9FF7-48A6-A95B-A6956320DC38} = {02EA681E-C7D8-13C7-8484-4AC65E1B71E8}
		{7D249394-B38F-4CF3-ABF7-6D89CCA7E059} = {02EA681E-C7D8-13C7-8484-4AC65E1B71E8}
		{EE909740-4A4E-44D0-80D4-D5CCCB0B0E1E} = {02EA681E-C7D8-13C7-8484-4AC65E1B71E8}
		{139A1CB5-2CDF-4DFE-B2FA-5C77034B6D1B} = {02EA681E-C7D8-13C7-8484-4AC65E1B71E8}
		{8C49577A-66AA-48B2-A549-71A8CFE1BE6E} = {02EA681E-C7D8-13C7-8484-4AC65E1B71E8}
		{0F61CDF8-12D5-4E55-8857-287D74B34D8A} = {02EA681E-C7D8-13C7-8484-4AC65E1B71E8}
	EndGlobalSection
	GlobalSection(ExtensibilityGlobals) = postSolution
		SolutionGuid = {6112E67D-59C3-4E01-9826-2D1E1131B367}
	EndGlobalSection
EndGlobal
